// !$*UTF8*$!
{
	archiveVersion = 1;
	classes = {
	};
	objectVersion = 51;
	objects = {

/* Begin PBXBuildFile section */
		4AFA927522D3F70100092432 /* AppDelegate.m in Sources */ = {isa = PBXBuildFile; fileRef = 4AFA927422D3F70100092432 /* AppDelegate.m */; };
		4AFA927B22D3F70100092432 /* Main.storyboard in Resources */ = {isa = PBXBuildFile; fileRef = 4AFA927922D3F70100092432 /* Main.storyboard */; };
		4AFA927D22D3F70200092432 /* commentButton.xcassets in Resources */ = {isa = PBXBuildFile; fileRef = 4AFA927C22D3F70200092432 /* commentButton.xcassets */; };
		4AFA928022D3F70200092432 /* LaunchScreen.storyboard in Resources */ = {isa = PBXBuildFile; fileRef = 4AFA927E22D3F70200092432 /* LaunchScreen.storyboard */; };
		4AFA928322D3F70200092432 /* main.m in Sources */ = {isa = PBXBuildFile; fileRef = 4AFA928222D3F70200092432 /* main.m */; };
		4AFA928D22D3F70200092432 /* offbrand_instagramTests.m in Sources */ = {isa = PBXBuildFile; fileRef = 4AFA928C22D3F70200092432 /* offbrand_instagramTests.m */; };
		4AFA929822D3F70200092432 /* offbrand_instagramUITests.m in Sources */ = {isa = PBXBuildFile; fileRef = 4AFA929722D3F70200092432 /* offbrand_instagramUITests.m */; };
		4AFA92AA22D4085100092432 /* LoginViewController.m in Sources */ = {isa = PBXBuildFile; fileRef = 4AFA92A922D4085100092432 /* LoginViewController.m */; };
		4AFA92AD22D40C1600092432 /* SignUpViewController.m in Sources */ = {isa = PBXBuildFile; fileRef = 4AFA92AC22D40C1600092432 /* SignUpViewController.m */; };
		4AFA92B022D410AB00092432 /* TimelineViewController.m in Sources */ = {isa = PBXBuildFile; fileRef = 4AFA92AF22D410AB00092432 /* TimelineViewController.m */; };
		4AFA92B322D4F2B300092432 /* ComposeViewController.m in Sources */ = {isa = PBXBuildFile; fileRef = 4AFA92B222D4F2B300092432 /* ComposeViewController.m */; };
		4AFA92B922D53CE900092432 /* Post.m in Sources */ = {isa = PBXBuildFile; fileRef = 4AFA92B822D53CE900092432 /* Post.m */; };
		4AFA92BC22D555DE00092432 /* instaPostCell.m in Sources */ = {isa = PBXBuildFile; fileRef = 4AFA92BB22D555DE00092432 /* instaPostCell.m */; };
		530E8C70A2AD2133EFE41CAE /* libPods-offbrand-instagramUITests.a in Frameworks */ = {isa = PBXBuildFile; fileRef = FAA56A25E2225783775BF541 /* libPods-offbrand-instagramUITests.a */; };
		AD285C19F7651E0C16956F3B /* libPods-offbrand-instagramTests.a in Frameworks */ = {isa = PBXBuildFile; fileRef = 2E2F0F77A58DD5DBE80EA4BE /* libPods-offbrand-instagramTests.a */; };
		F0A65878BB411ADE54790A55 /* libPods-offbrand-instagram.a in Frameworks */ = {isa = PBXBuildFile; fileRef = E3B69CB3BB39859A725A064B /* libPods-offbrand-instagram.a */; };
/* End PBXBuildFile section */

/* Begin PBXContainerItemProxy section */
		4AFA928922D3F70200092432 /* PBXContainerItemProxy */ = {
			isa = PBXContainerItemProxy;
			containerPortal = 4AFA926822D3F70100092432 /* Project object */;
			proxyType = 1;
			remoteGlobalIDString = 4AFA926F22D3F70100092432;
			remoteInfo = "offbrand-instagram";
		};
		4AFA929422D3F70200092432 /* PBXContainerItemProxy */ = {
			isa = PBXContainerItemProxy;
			containerPortal = 4AFA926822D3F70100092432 /* Project object */;
			proxyType = 1;
			remoteGlobalIDString = 4AFA926F22D3F70100092432;
			remoteInfo = "offbrand-instagram";
		};
/* End PBXContainerItemProxy section */

/* Begin PBXFileReference section */
		2E2F0F77A58DD5DBE80EA4BE /* libPods-offbrand-instagramTests.a */ = {isa = PBXFileReference; explicitFileType = archive.ar; includeInIndex = 0; path = "libPods-offbrand-instagramTests.a"; sourceTree = BUILT_PRODUCTS_DIR; };
		4AFA927022D3F70100092432 /* offbrand-instagram.app */ = {isa = PBXFileReference; explicitFileType = wrapper.application; includeInIndex = 0; path = "offbrand-instagram.app"; sourceTree = BUILT_PRODUCTS_DIR; };
		4AFA927322D3F70100092432 /* AppDelegate.h */ = {isa = PBXFileReference; lastKnownFileType = sourcecode.c.h; path = AppDelegate.h; sourceTree = "<group>"; };
		4AFA927422D3F70100092432 /* AppDelegate.m */ = {isa = PBXFileReference; lastKnownFileType = sourcecode.c.objc; path = AppDelegate.m; sourceTree = "<group>"; };
		4AFA927A22D3F70100092432 /* Base */ = {isa = PBXFileReference; lastKnownFileType = file.storyboard; name = Base; path = Base.lproj/Main.storyboard; sourceTree = "<group>"; };
		4AFA927C22D3F70200092432 /* commentButton.xcassets */ = {isa = PBXFileReference; lastKnownFileType = folder.assetcatalog; path = commentButton.xcassets; sourceTree = "<group>"; };
		4AFA927F22D3F70200092432 /* Base */ = {isa = PBXFileReference; lastKnownFileType = file.storyboard; name = Base; path = Base.lproj/LaunchScreen.storyboard; sourceTree = "<group>"; };
		4AFA928122D3F70200092432 /* Info.plist */ = {isa = PBXFileReference; lastKnownFileType = text.plist.xml; path = Info.plist; sourceTree = "<group>"; };
		4AFA928222D3F70200092432 /* main.m */ = {isa = PBXFileReference; lastKnownFileType = sourcecode.c.objc; path = main.m; sourceTree = "<group>"; };
		4AFA928822D3F70200092432 /* offbrand-instagramTests.xctest */ = {isa = PBXFileReference; explicitFileType = wrapper.cfbundle; includeInIndex = 0; path = "offbrand-instagramTests.xctest"; sourceTree = BUILT_PRODUCTS_DIR; };
		4AFA928C22D3F70200092432 /* offbrand_instagramTests.m */ = {isa = PBXFileReference; lastKnownFileType = sourcecode.c.objc; path = offbrand_instagramTests.m; sourceTree = "<group>"; };
		4AFA928E22D3F70200092432 /* Info.plist */ = {isa = PBXFileReference; lastKnownFileType = text.plist.xml; path = Info.plist; sourceTree = "<group>"; };
		4AFA929322D3F70200092432 /* offbrand-instagramUITests.xctest */ = {isa = PBXFileReference; explicitFileType = wrapper.cfbundle; includeInIndex = 0; path = "offbrand-instagramUITests.xctest"; sourceTree = BUILT_PRODUCTS_DIR; };
		4AFA929722D3F70200092432 /* offbrand_instagramUITests.m */ = {isa = PBXFileReference; lastKnownFileType = sourcecode.c.objc; path = offbrand_instagramUITests.m; sourceTree = "<group>"; };
		4AFA929922D3F70200092432 /* Info.plist */ = {isa = PBXFileReference; lastKnownFileType = text.plist.xml; path = Info.plist; sourceTree = "<group>"; };
		4AFA92A822D4085100092432 /* LoginViewController.h */ = {isa = PBXFileReference; lastKnownFileType = sourcecode.c.h; path = LoginViewController.h; sourceTree = "<group>"; };
		4AFA92A922D4085100092432 /* LoginViewController.m */ = {isa = PBXFileReference; lastKnownFileType = sourcecode.c.objc; path = LoginViewController.m; sourceTree = "<group>"; };
		4AFA92AB22D40C1600092432 /* SignUpViewController.h */ = {isa = PBXFileReference; lastKnownFileType = sourcecode.c.h; path = SignUpViewController.h; sourceTree = "<group>"; };
		4AFA92AC22D40C1600092432 /* SignUpViewController.m */ = {isa = PBXFileReference; lastKnownFileType = sourcecode.c.objc; path = SignUpViewController.m; sourceTree = "<group>"; };
		4AFA92AE22D410AB00092432 /* TimelineViewController.h */ = {isa = PBXFileReference; lastKnownFileType = sourcecode.c.h; path = TimelineViewController.h; sourceTree = "<group>"; };
		4AFA92AF22D410AB00092432 /* TimelineViewController.m */ = {isa = PBXFileReference; lastKnownFileType = sourcecode.c.objc; path = TimelineViewController.m; sourceTree = "<group>"; };
		4AFA92B122D4F2B300092432 /* ComposeViewController.h */ = {isa = PBXFileReference; lastKnownFileType = sourcecode.c.h; path = ComposeViewController.h; sourceTree = "<group>"; };
		4AFA92B222D4F2B300092432 /* ComposeViewController.m */ = {isa = PBXFileReference; lastKnownFileType = sourcecode.c.objc; path = ComposeViewController.m; sourceTree = "<group>"; };
		4AFA92B722D53CE900092432 /* Post.h */ = {isa = PBXFileReference; lastKnownFileType = sourcecode.c.h; path = Post.h; sourceTree = "<group>"; };
		4AFA92B822D53CE900092432 /* Post.m */ = {isa = PBXFileReference; lastKnownFileType = sourcecode.c.objc; path = Post.m; sourceTree = "<group>"; };
		4AFA92BA22D555DE00092432 /* instaPostCell.h */ = {isa = PBXFileReference; lastKnownFileType = sourcecode.c.h; path = instaPostCell.h; sourceTree = "<group>"; };
		4AFA92BB22D555DE00092432 /* instaPostCell.m */ = {isa = PBXFileReference; lastKnownFileType = sourcecode.c.objc; path = instaPostCell.m; sourceTree = "<group>"; };
		4B70D44A594CA31B31497B30 /* Pods-offbrand-instagramTests.debug.xcconfig */ = {isa = PBXFileReference; includeInIndex = 1; lastKnownFileType = text.xcconfig; name = "Pods-offbrand-instagramTests.debug.xcconfig"; path = "Target Support Files/Pods-offbrand-instagramTests/Pods-offbrand-instagramTests.debug.xcconfig"; sourceTree = "<group>"; };
		7BCBB9617AD1B2CF690ED25A /* Pods-offbrand-instagramUITests.release.xcconfig */ = {isa = PBXFileReference; includeInIndex = 1; lastKnownFileType = text.xcconfig; name = "Pods-offbrand-instagramUITests.release.xcconfig"; path = "Target Support Files/Pods-offbrand-instagramUITests/Pods-offbrand-instagramUITests.release.xcconfig"; sourceTree = "<group>"; };
		9427D19B328AF6F26B086EDC /* Pods-offbrand-instagram.release.xcconfig */ = {isa = PBXFileReference; includeInIndex = 1; lastKnownFileType = text.xcconfig; name = "Pods-offbrand-instagram.release.xcconfig"; path = "Target Support Files/Pods-offbrand-instagram/Pods-offbrand-instagram.release.xcconfig"; sourceTree = "<group>"; };
		A945F49978B3BBA530F33038 /* Pods-offbrand-instagramTests.release.xcconfig */ = {isa = PBXFileReference; includeInIndex = 1; lastKnownFileType = text.xcconfig; name = "Pods-offbrand-instagramTests.release.xcconfig"; path = "Target Support Files/Pods-offbrand-instagramTests/Pods-offbrand-instagramTests.release.xcconfig"; sourceTree = "<group>"; };
		D9321B983A9D853B9E1A8BAE /* Pods-offbrand-instagramUITests.debug.xcconfig */ = {isa = PBXFileReference; includeInIndex = 1; lastKnownFileType = text.xcconfig; name = "Pods-offbrand-instagramUITests.debug.xcconfig"; path = "Target Support Files/Pods-offbrand-instagramUITests/Pods-offbrand-instagramUITests.debug.xcconfig"; sourceTree = "<group>"; };
		E3B69CB3BB39859A725A064B /* libPods-offbrand-instagram.a */ = {isa = PBXFileReference; explicitFileType = archive.ar; includeInIndex = 0; path = "libPods-offbrand-instagram.a"; sourceTree = BUILT_PRODUCTS_DIR; };
		F43C8C12FC3BA4E1B09BD2AF /* Pods-offbrand-instagram.debug.xcconfig */ = {isa = PBXFileReference; includeInIndex = 1; lastKnownFileType = text.xcconfig; name = "Pods-offbrand-instagram.debug.xcconfig"; path = "Target Support Files/Pods-offbrand-instagram/Pods-offbrand-instagram.debug.xcconfig"; sourceTree = "<group>"; };
		FAA56A25E2225783775BF541 /* libPods-offbrand-instagramUITests.a */ = {isa = PBXFileReference; explicitFileType = archive.ar; includeInIndex = 0; path = "libPods-offbrand-instagramUITests.a"; sourceTree = BUILT_PRODUCTS_DIR; };
/* End PBXFileReference section */

/* Begin PBXFrameworksBuildPhase section */
		4AFA926D22D3F70100092432 /* Frameworks */ = {
			isa = PBXFrameworksBuildPhase;
			buildActionMask = 2147483647;
			files = (
				F0A65878BB411ADE54790A55 /* libPods-offbrand-instagram.a in Frameworks */,
			);
			runOnlyForDeploymentPostprocessing = 0;
		};
		4AFA928522D3F70200092432 /* Frameworks */ = {
			isa = PBXFrameworksBuildPhase;
			buildActionMask = 2147483647;
			files = (
				AD285C19F7651E0C16956F3B /* libPods-offbrand-instagramTests.a in Frameworks */,
			);
			runOnlyForDeploymentPostprocessing = 0;
		};
		4AFA929022D3F70200092432 /* Frameworks */ = {
			isa = PBXFrameworksBuildPhase;
			buildActionMask = 2147483647;
			files = (
				530E8C70A2AD2133EFE41CAE /* libPods-offbrand-instagramUITests.a in Frameworks */,
			);
			runOnlyForDeploymentPostprocessing = 0;
		};
/* End PBXFrameworksBuildPhase section */

/* Begin PBXGroup section */
		4AFA926722D3F70100092432 = {
			isa = PBXGroup;
			children = (
				4AFA927222D3F70100092432 /* offbrand-instagram */,
				4AFA928B22D3F70200092432 /* offbrand-instagramTests */,
				4AFA929622D3F70200092432 /* offbrand-instagramUITests */,
				4AFA927122D3F70100092432 /* Products */,
				89A114156A22D8A5A9BA0E9E /* Pods */,
				DFF28804B5B0DDD3892FA307 /* Frameworks */,
			);
			sourceTree = "<group>";
		};
		4AFA927122D3F70100092432 /* Products */ = {
			isa = PBXGroup;
			children = (
				4AFA927022D3F70100092432 /* offbrand-instagram.app */,
				4AFA928822D3F70200092432 /* offbrand-instagramTests.xctest */,
				4AFA929322D3F70200092432 /* offbrand-instagramUITests.xctest */,
			);
			name = Products;
			sourceTree = "<group>";
		};
		4AFA927222D3F70100092432 /* offbrand-instagram */ = {
			isa = PBXGroup;
			children = (
				4AFA92A722D4082A00092432 /* Models */,
				4AFA92A622D4081B00092432 /* Views */,
				4AFA92A522D4081100092432 /* View Controllers */,
				4AFA927322D3F70100092432 /* AppDelegate.h */,
				4AFA927422D3F70100092432 /* AppDelegate.m */,
				4AFA927922D3F70100092432 /* Main.storyboard */,
				4AFA927C22D3F70200092432 /* commentButton.xcassets */,
				4AFA927E22D3F70200092432 /* LaunchScreen.storyboard */,
				4AFA928122D3F70200092432 /* Info.plist */,
				4AFA928222D3F70200092432 /* main.m */,
			);
			path = "offbrand-instagram";
			sourceTree = "<group>";
		};
		4AFA928B22D3F70200092432 /* offbrand-instagramTests */ = {
			isa = PBXGroup;
			children = (
				4AFA928C22D3F70200092432 /* offbrand_instagramTests.m */,
				4AFA928E22D3F70200092432 /* Info.plist */,
			);
			path = "offbrand-instagramTests";
			sourceTree = "<group>";
		};
		4AFA929622D3F70200092432 /* offbrand-instagramUITests */ = {
			isa = PBXGroup;
			children = (
				4AFA929722D3F70200092432 /* offbrand_instagramUITests.m */,
				4AFA929922D3F70200092432 /* Info.plist */,
			);
			path = "offbrand-instagramUITests";
			sourceTree = "<group>";
		};
		4AFA92A522D4081100092432 /* View Controllers */ = {
			isa = PBXGroup;
			children = (
				4AFA92A822D4085100092432 /* LoginViewController.h */,
				4AFA92A922D4085100092432 /* LoginViewController.m */,
				4AFA92AB22D40C1600092432 /* SignUpViewController.h */,
				4AFA92AC22D40C1600092432 /* SignUpViewController.m */,
				4AFA92AE22D410AB00092432 /* TimelineViewController.h */,
				4AFA92AF22D410AB00092432 /* TimelineViewController.m */,
				4AFA92B122D4F2B300092432 /* ComposeViewController.h */,
				4AFA92B222D4F2B300092432 /* ComposeViewController.m */,
			);
			path = "View Controllers";
			sourceTree = "<group>";
		};
		4AFA92A622D4081B00092432 /* Views */ = {
			isa = PBXGroup;
			children = (
				4AFA92BA22D555DE00092432 /* instaPostCell.h */,
				4AFA92BB22D555DE00092432 /* instaPostCell.m */,
			);
			path = Views;
			sourceTree = "<group>";
		};
		4AFA92A722D4082A00092432 /* Models */ = {
			isa = PBXGroup;
			children = (
				4AFA92B722D53CE900092432 /* Post.h */,
				4AFA92B822D53CE900092432 /* Post.m */,
			);
			path = Models;
			sourceTree = "<group>";
		};
		89A114156A22D8A5A9BA0E9E /* Pods */ = {
			isa = PBXGroup;
			children = (
				F43C8C12FC3BA4E1B09BD2AF /* Pods-offbrand-instagram.debug.xcconfig */,
				9427D19B328AF6F26B086EDC /* Pods-offbrand-instagram.release.xcconfig */,
				4B70D44A594CA31B31497B30 /* Pods-offbrand-instagramTests.debug.xcconfig */,
				A945F49978B3BBA530F33038 /* Pods-offbrand-instagramTests.release.xcconfig */,
				D9321B983A9D853B9E1A8BAE /* Pods-offbrand-instagramUITests.debug.xcconfig */,
				7BCBB9617AD1B2CF690ED25A /* Pods-offbrand-instagramUITests.release.xcconfig */,
			);
			path = Pods;
			sourceTree = "<group>";
		};
		DFF28804B5B0DDD3892FA307 /* Frameworks */ = {
			isa = PBXGroup;
			children = (
				E3B69CB3BB39859A725A064B /* libPods-offbrand-instagram.a */,
				2E2F0F77A58DD5DBE80EA4BE /* libPods-offbrand-instagramTests.a */,
				FAA56A25E2225783775BF541 /* libPods-offbrand-instagramUITests.a */,
			);
			name = Frameworks;
			sourceTree = "<group>";
		};
/* End PBXGroup section */

/* Begin PBXNativeTarget section */
		4AFA926F22D3F70100092432 /* offbrand-instagram */ = {
			isa = PBXNativeTarget;
			buildConfigurationList = 4AFA929C22D3F70200092432 /* Build configuration list for PBXNativeTarget "offbrand-instagram" */;
			buildPhases = (
				8ABBF56614815C4C8D264BCC /* [CP] Check Pods Manifest.lock */,
				4AFA926C22D3F70100092432 /* Sources */,
				4AFA926D22D3F70100092432 /* Frameworks */,
				4AFA926E22D3F70100092432 /* Resources */,
				D81F29929EC658DB2FB41E87 /* [CP] Copy Pods Resources */,
			);
			buildRules = (
			);
			dependencies = (
			);
			name = "offbrand-instagram";
			productName = "offbrand-instagram";
			productReference = 4AFA927022D3F70100092432 /* offbrand-instagram.app */;
			productType = "com.apple.product-type.application";
		};
		4AFA928722D3F70200092432 /* offbrand-instagramTests */ = {
			isa = PBXNativeTarget;
			buildConfigurationList = 4AFA929F22D3F70200092432 /* Build configuration list for PBXNativeTarget "offbrand-instagramTests" */;
			buildPhases = (
				3BD97F226DF31DDF70A1544A /* [CP] Check Pods Manifest.lock */,
				4AFA928422D3F70200092432 /* Sources */,
				4AFA928522D3F70200092432 /* Frameworks */,
				4AFA928622D3F70200092432 /* Resources */,
			);
			buildRules = (
			);
			dependencies = (
				4AFA928A22D3F70200092432 /* PBXTargetDependency */,
			);
			name = "offbrand-instagramTests";
			productName = "offbrand-instagramTests";
			productReference = 4AFA928822D3F70200092432 /* offbrand-instagramTests.xctest */;
			productType = "com.apple.product-type.bundle.unit-test";
		};
		4AFA929222D3F70200092432 /* offbrand-instagramUITests */ = {
			isa = PBXNativeTarget;
			buildConfigurationList = 4AFA92A222D3F70200092432 /* Build configuration list for PBXNativeTarget "offbrand-instagramUITests" */;
			buildPhases = (
				F72BE3B6B38A75BA775F34D0 /* [CP] Check Pods Manifest.lock */,
				4AFA928F22D3F70200092432 /* Sources */,
				4AFA929022D3F70200092432 /* Frameworks */,
				4AFA929122D3F70200092432 /* Resources */,
			);
			buildRules = (
			);
			dependencies = (
				4AFA929522D3F70200092432 /* PBXTargetDependency */,
			);
			name = "offbrand-instagramUITests";
			productName = "offbrand-instagramUITests";
			productReference = 4AFA929322D3F70200092432 /* offbrand-instagramUITests.xctest */;
			productType = "com.apple.product-type.bundle.ui-testing";
		};
/* End PBXNativeTarget section */

/* Begin PBXProject section */
		4AFA926822D3F70100092432 /* Project object */ = {
			isa = PBXProject;
			attributes = {
				LastUpgradeCheck = 1020;
				ORGANIZATIONNAME = rodrigoandrade;
				TargetAttributes = {
					4AFA926F22D3F70100092432 = {
						CreatedOnToolsVersion = 10.2.1;
					};
					4AFA928722D3F70200092432 = {
						CreatedOnToolsVersion = 10.2.1;
						TestTargetID = 4AFA926F22D3F70100092432;
					};
					4AFA929222D3F70200092432 = {
						CreatedOnToolsVersion = 10.2.1;
						TestTargetID = 4AFA926F22D3F70100092432;
					};
				};
			};
			buildConfigurationList = 4AFA926B22D3F70100092432 /* Build configuration list for PBXProject "offbrand-instagram" */;
			compatibilityVersion = "Xcode 9.3";
			developmentRegion = en;
			hasScannedForEncodings = 0;
			knownRegions = (
				en,
				Base,
			);
			mainGroup = 4AFA926722D3F70100092432;
			productRefGroup = 4AFA927122D3F70100092432 /* Products */;
			projectDirPath = "";
			projectRoot = "";
			targets = (
				4AFA926F22D3F70100092432 /* offbrand-instagram */,
				4AFA928722D3F70200092432 /* offbrand-instagramTests */,
				4AFA929222D3F70200092432 /* offbrand-instagramUITests */,
			);
		};
/* End PBXProject section */

/* Begin PBXResourcesBuildPhase section */
		4AFA926E22D3F70100092432 /* Resources */ = {
			isa = PBXResourcesBuildPhase;
			buildActionMask = 2147483647;
			files = (
				4AFA928022D3F70200092432 /* LaunchScreen.storyboard in Resources */,
				4AFA927D22D3F70200092432 /* commentButton.xcassets in Resources */,
				4AFA927B22D3F70100092432 /* Main.storyboard in Resources */,
			);
			runOnlyForDeploymentPostprocessing = 0;
		};
		4AFA928622D3F70200092432 /* Resources */ = {
			isa = PBXResourcesBuildPhase;
			buildActionMask = 2147483647;
			files = (
			);
			runOnlyForDeploymentPostprocessing = 0;
		};
		4AFA929122D3F70200092432 /* Resources */ = {
			isa = PBXResourcesBuildPhase;
			buildActionMask = 2147483647;
			files = (
			);
			runOnlyForDeploymentPostprocessing = 0;
		};
/* End PBXResourcesBuildPhase section */

/* Begin PBXShellScriptBuildPhase section */
		3BD97F226DF31DDF70A1544A /* [CP] Check Pods Manifest.lock */ = {
			isa = PBXShellScriptBuildPhase;
			buildActionMask = 2147483647;
			files = (
			);
			inputFileListPaths = (
			);
			inputPaths = (
				"${PODS_PODFILE_DIR_PATH}/Podfile.lock",
				"${PODS_ROOT}/Manifest.lock",
			);
			name = "[CP] Check Pods Manifest.lock";
			outputFileListPaths = (
			);
			outputPaths = (
				"$(DERIVED_FILE_DIR)/Pods-offbrand-instagramTests-checkManifestLockResult.txt",
			);
			runOnlyForDeploymentPostprocessing = 0;
			shellPath = /bin/sh;
			shellScript = "diff \"${PODS_PODFILE_DIR_PATH}/Podfile.lock\" \"${PODS_ROOT}/Manifest.lock\" > /dev/null\nif [ $? != 0 ] ; then\n    # print error to STDERR\n    echo \"error: The sandbox is not in sync with the Podfile.lock. Run 'pod install' or update your CocoaPods installation.\" >&2\n    exit 1\nfi\n# This output is used by Xcode 'outputs' to avoid re-running this script phase.\necho \"SUCCESS\" > \"${SCRIPT_OUTPUT_FILE_0}\"\n";
			showEnvVarsInLog = 0;
		};
		8ABBF56614815C4C8D264BCC /* [CP] Check Pods Manifest.lock */ = {
			isa = PBXShellScriptBuildPhase;
			buildActionMask = 2147483647;
			files = (
			);
			inputFileListPaths = (
			);
			inputPaths = (
				"${PODS_PODFILE_DIR_PATH}/Podfile.lock",
				"${PODS_ROOT}/Manifest.lock",
			);
			name = "[CP] Check Pods Manifest.lock";
			outputFileListPaths = (
			);
			outputPaths = (
				"$(DERIVED_FILE_DIR)/Pods-offbrand-instagram-checkManifestLockResult.txt",
			);
			runOnlyForDeploymentPostprocessing = 0;
			shellPath = /bin/sh;
			shellScript = "diff \"${PODS_PODFILE_DIR_PATH}/Podfile.lock\" \"${PODS_ROOT}/Manifest.lock\" > /dev/null\nif [ $? != 0 ] ; then\n    # print error to STDERR\n    echo \"error: The sandbox is not in sync with the Podfile.lock. Run 'pod install' or update your CocoaPods installation.\" >&2\n    exit 1\nfi\n# This output is used by Xcode 'outputs' to avoid re-running this script phase.\necho \"SUCCESS\" > \"${SCRIPT_OUTPUT_FILE_0}\"\n";
			showEnvVarsInLog = 0;
		};
		D81F29929EC658DB2FB41E87 /* [CP] Copy Pods Resources */ = {
			isa = PBXShellScriptBuildPhase;
			buildActionMask = 2147483647;
			files = (
			);
			inputFileListPaths = (
				"${PODS_ROOT}/Target Support Files/Pods-offbrand-instagram/Pods-offbrand-instagram-resources-${CONFIGURATION}-input-files.xcfilelist",
			);
			name = "[CP] Copy Pods Resources";
			outputFileListPaths = (
				"${PODS_ROOT}/Target Support Files/Pods-offbrand-instagram/Pods-offbrand-instagram-resources-${CONFIGURATION}-output-files.xcfilelist",
			);
			runOnlyForDeploymentPostprocessing = 0;
			shellPath = /bin/sh;
			shellScript = "\"${PODS_ROOT}/Target Support Files/Pods-offbrand-instagram/Pods-offbrand-instagram-resources.sh\"\n";
			showEnvVarsInLog = 0;
		};
		F72BE3B6B38A75BA775F34D0 /* [CP] Check Pods Manifest.lock */ = {
			isa = PBXShellScriptBuildPhase;
			buildActionMask = 2147483647;
			files = (
			);
			inputFileListPaths = (
			);
			inputPaths = (
				"${PODS_PODFILE_DIR_PATH}/Podfile.lock",
				"${PODS_ROOT}/Manifest.lock",
			);
			name = "[CP] Check Pods Manifest.lock";
			outputFileListPaths = (
			);
			outputPaths = (
				"$(DERIVED_FILE_DIR)/Pods-offbrand-instagramUITests-checkManifestLockResult.txt",
			);
			runOnlyForDeploymentPostprocessing = 0;
			shellPath = /bin/sh;
			shellScript = "diff \"${PODS_PODFILE_DIR_PATH}/Podfile.lock\" \"${PODS_ROOT}/Manifest.lock\" > /dev/null\nif [ $? != 0 ] ; then\n    # print error to STDERR\n    echo \"error: The sandbox is not in sync with the Podfile.lock. Run 'pod install' or update your CocoaPods installation.\" >&2\n    exit 1\nfi\n# This output is used by Xcode 'outputs' to avoid re-running this script phase.\necho \"SUCCESS\" > \"${SCRIPT_OUTPUT_FILE_0}\"\n";
			showEnvVarsInLog = 0;
		};
/* End PBXShellScriptBuildPhase section */

/* Begin PBXSourcesBuildPhase section */
		4AFA926C22D3F70100092432 /* Sources */ = {
			isa = PBXSourcesBuildPhase;
			buildActionMask = 2147483647;
			files = (
				4AFA928322D3F70200092432 /* main.m in Sources */,
				4AFA927522D3F70100092432 /* AppDelegate.m in Sources */,
				4AFA92AD22D40C1600092432 /* SignUpViewController.m in Sources */,
				4AFA92B322D4F2B300092432 /* ComposeViewController.m in Sources */,
				4AFA92AA22D4085100092432 /* LoginViewController.m in Sources */,
				4AFA92B022D410AB00092432 /* TimelineViewController.m in Sources */,
				4AFA92B922D53CE900092432 /* Post.m in Sources */,
				4AFA92BC22D555DE00092432 /* instaPostCell.m in Sources */,
			);
			runOnlyForDeploymentPostprocessing = 0;
		};
		4AFA928422D3F70200092432 /* Sources */ = {
			isa = PBXSourcesBuildPhase;
			buildActionMask = 2147483647;
			files = (
				4AFA928D22D3F70200092432 /* offbrand_instagramTests.m in Sources */,
			);
			runOnlyForDeploymentPostprocessing = 0;
		};
		4AFA928F22D3F70200092432 /* Sources */ = {
			isa = PBXSourcesBuildPhase;
			buildActionMask = 2147483647;
			files = (
				4AFA929822D3F70200092432 /* offbrand_instagramUITests.m in Sources */,
			);
			runOnlyForDeploymentPostprocessing = 0;
		};
/* End PBXSourcesBuildPhase section */

/* Begin PBXTargetDependency section */
		4AFA928A22D3F70200092432 /* PBXTargetDependency */ = {
			isa = PBXTargetDependency;
			target = 4AFA926F22D3F70100092432 /* offbrand-instagram */;
			targetProxy = 4AFA928922D3F70200092432 /* PBXContainerItemProxy */;
		};
		4AFA929522D3F70200092432 /* PBXTargetDependency */ = {
			isa = PBXTargetDependency;
			target = 4AFA926F22D3F70100092432 /* offbrand-instagram */;
			targetProxy = 4AFA929422D3F70200092432 /* PBXContainerItemProxy */;
		};
/* End PBXTargetDependency section */

/* Begin PBXVariantGroup section */
		4AFA927922D3F70100092432 /* Main.storyboard */ = {
			isa = PBXVariantGroup;
			children = (
				4AFA927A22D3F70100092432 /* Base */,
			);
			name = Main.storyboard;
			sourceTree = "<group>";
		};
		4AFA927E22D3F70200092432 /* LaunchScreen.storyboard */ = {
			isa = PBXVariantGroup;
			children = (
				4AFA927F22D3F70200092432 /* Base */,
			);
			name = LaunchScreen.storyboard;
			sourceTree = "<group>";
		};
/* End PBXVariantGroup section */

/* Begin XCBuildConfiguration section */
		4AFA929A22D3F70200092432 /* Debug */ = {
			isa = XCBuildConfiguration;
			buildSettings = {
				ALWAYS_SEARCH_USER_PATHS = NO;
				CLANG_ANALYZER_NONNULL = YES;
				CLANG_ANALYZER_NUMBER_OBJECT_CONVERSION = YES_AGGRESSIVE;
				CLANG_CXX_LANGUAGE_STANDARD = "gnu++14";
				CLANG_CXX_LIBRARY = "libc++";
				CLANG_ENABLE_MODULES = YES;
				CLANG_ENABLE_OBJC_ARC = YES;
				CLANG_ENABLE_OBJC_WEAK = YES;
				CLANG_WARN_BLOCK_CAPTURE_AUTORELEASING = YES;
				CLANG_WARN_BOOL_CONVERSION = YES;
				CLANG_WARN_COMMA = YES;
				CLANG_WARN_CONSTANT_CONVERSION = YES;
				CLANG_WARN_DEPRECATED_OBJC_IMPLEMENTATIONS = YES;
				CLANG_WARN_DIRECT_OBJC_ISA_USAGE = YES_ERROR;
				CLANG_WARN_DOCUMENTATION_COMMENTS = YES;
				CLANG_WARN_EMPTY_BODY = YES;
				CLANG_WARN_ENUM_CONVERSION = YES;
				CLANG_WARN_INFINITE_RECURSION = YES;
				CLANG_WARN_INT_CONVERSION = YES;
				CLANG_WARN_NON_LITERAL_NULL_CONVERSION = YES;
				CLANG_WARN_OBJC_IMPLICIT_RETAIN_SELF = YES;
				CLANG_WARN_OBJC_LITERAL_CONVERSION = YES;
				CLANG_WARN_OBJC_ROOT_CLASS = YES_ERROR;
				CLANG_WARN_RANGE_LOOP_ANALYSIS = YES;
				CLANG_WARN_STRICT_PROTOTYPES = YES;
				CLANG_WARN_SUSPICIOUS_MOVE = YES;
				CLANG_WARN_UNGUARDED_AVAILABILITY = YES_AGGRESSIVE;
				CLANG_WARN_UNREACHABLE_CODE = YES;
				CLANG_WARN__DUPLICATE_METHOD_MATCH = YES;
				CODE_SIGN_IDENTITY = "iPhone Developer";
				COPY_PHASE_STRIP = NO;
				DEBUG_INFORMATION_FORMAT = dwarf;
				ENABLE_STRICT_OBJC_MSGSEND = YES;
				ENABLE_TESTABILITY = YES;
				GCC_C_LANGUAGE_STANDARD = gnu11;
				GCC_DYNAMIC_NO_PIC = NO;
				GCC_NO_COMMON_BLOCKS = YES;
				GCC_OPTIMIZATION_LEVEL = 0;
				GCC_PREPROCESSOR_DEFINITIONS = (
					"DEBUG=1",
					"$(inherited)",
				);
				GCC_WARN_64_TO_32_BIT_CONVERSION = YES;
				GCC_WARN_ABOUT_RETURN_TYPE = YES_ERROR;
				GCC_WARN_UNDECLARED_SELECTOR = YES;
				GCC_WARN_UNINITIALIZED_AUTOS = YES_AGGRESSIVE;
				GCC_WARN_UNUSED_FUNCTION = YES;
				GCC_WARN_UNUSED_VARIABLE = YES;
				IPHONEOS_DEPLOYMENT_TARGET = 12.2;
				MTL_ENABLE_DEBUG_INFO = INCLUDE_SOURCE;
				MTL_FAST_MATH = YES;
				ONLY_ACTIVE_ARCH = YES;
				SDKROOT = iphoneos;
			};
			name = Debug;
		};
		4AFA929B22D3F70200092432 /* Release */ = {
			isa = XCBuildConfiguration;
			buildSettings = {
				ALWAYS_SEARCH_USER_PATHS = NO;
				CLANG_ANALYZER_NONNULL = YES;
				CLANG_ANALYZER_NUMBER_OBJECT_CONVERSION = YES_AGGRESSIVE;
				CLANG_CXX_LANGUAGE_STANDARD = "gnu++14";
				CLANG_CXX_LIBRARY = "libc++";
				CLANG_ENABLE_MODULES = YES;
				CLANG_ENABLE_OBJC_ARC = YES;
				CLANG_ENABLE_OBJC_WEAK = YES;
				CLANG_WARN_BLOCK_CAPTURE_AUTORELEASING = YES;
				CLANG_WARN_BOOL_CONVERSION = YES;
				CLANG_WARN_COMMA = YES;
				CLANG_WARN_CONSTANT_CONVERSION = YES;
				CLANG_WARN_DEPRECATED_OBJC_IMPLEMENTATIONS = YES;
				CLANG_WARN_DIRECT_OBJC_ISA_USAGE = YES_ERROR;
				CLANG_WARN_DOCUMENTATION_COMMENTS = YES;
				CLANG_WARN_EMPTY_BODY = YES;
				CLANG_WARN_ENUM_CONVERSION = YES;
				CLANG_WARN_INFINITE_RECURSION = YES;
				CLANG_WARN_INT_CONVERSION = YES;
				CLANG_WARN_NON_LITERAL_NULL_CONVERSION = YES;
				CLANG_WARN_OBJC_IMPLICIT_RETAIN_SELF = YES;
				CLANG_WARN_OBJC_LITERAL_CONVERSION = YES;
				CLANG_WARN_OBJC_ROOT_CLASS = YES_ERROR;
				CLANG_WARN_RANGE_LOOP_ANALYSIS = YES;
				CLANG_WARN_STRICT_PROTOTYPES = YES;
				CLANG_WARN_SUSPICIOUS_MOVE = YES;
				CLANG_WARN_UNGUARDED_AVAILABILITY = YES_AGGRESSIVE;
				CLANG_WARN_UNREACHABLE_CODE = YES;
				CLANG_WARN__DUPLICATE_METHOD_MATCH = YES;
				CODE_SIGN_IDENTITY = "iPhone Developer";
				COPY_PHASE_STRIP = NO;
				DEBUG_INFORMATION_FORMAT = "dwarf-with-dsym";
				ENABLE_NS_ASSERTIONS = NO;
				ENABLE_STRICT_OBJC_MSGSEND = YES;
				GCC_C_LANGUAGE_STANDARD = gnu11;
				GCC_NO_COMMON_BLOCKS = YES;
				GCC_WARN_64_TO_32_BIT_CONVERSION = YES;
				GCC_WARN_ABOUT_RETURN_TYPE = YES_ERROR;
				GCC_WARN_UNDECLARED_SELECTOR = YES;
				GCC_WARN_UNINITIALIZED_AUTOS = YES_AGGRESSIVE;
				GCC_WARN_UNUSED_FUNCTION = YES;
				GCC_WARN_UNUSED_VARIABLE = YES;
				IPHONEOS_DEPLOYMENT_TARGET = 12.2;
				MTL_ENABLE_DEBUG_INFO = NO;
				MTL_FAST_MATH = YES;
				SDKROOT = iphoneos;
				VALIDATE_PRODUCT = YES;
			};
			name = Release;
		};
		4AFA929D22D3F70200092432 /* Debug */ = {
			isa = XCBuildConfiguration;
			baseConfigurationReference = F43C8C12FC3BA4E1B09BD2AF /* Pods-offbrand-instagram.debug.xcconfig */;
			buildSettings = {
				ASSETCATALOG_COMPILER_APPICON_NAME = AppIcon;
				CODE_SIGN_STYLE = Automatic;
				DEVELOPMENT_TEAM = MZ42CM9DG9;
				INFOPLIST_FILE = "offbrand-instagram/Info.plist";
				LD_RUNPATH_SEARCH_PATHS = (
					"$(inherited)",
					"@executable_path/Frameworks",
				);
				PRODUCT_BUNDLE_IDENTIFIER = "com.rodrigolive64-gmail.com.offbrand-instagram";
				PRODUCT_NAME = "$(TARGET_NAME)";
				TARGETED_DEVICE_FAMILY = "1,2";
			};
			name = Debug;
		};
		4AFA929E22D3F70200092432 /* Release */ = {
			isa = XCBuildConfiguration;
			baseConfigurationReference = 9427D19B328AF6F26B086EDC /* Pods-offbrand-instagram.release.xcconfig */;
			buildSettings = {
				ASSETCATALOG_COMPILER_APPICON_NAME = AppIcon;
				CODE_SIGN_STYLE = Automatic;
				DEVELOPMENT_TEAM = MZ42CM9DG9;
				INFOPLIST_FILE = "offbrand-instagram/Info.plist";
				LD_RUNPATH_SEARCH_PATHS = (
					"$(inherited)",
					"@executable_path/Frameworks",
				);
				PRODUCT_BUNDLE_IDENTIFIER = "com.rodrigolive64-gmail.com.offbrand-instagram";
				PRODUCT_NAME = "$(TARGET_NAME)";
				TARGETED_DEVICE_FAMILY = "1,2";
			};
			name = Release;
		};
		4AFA92A022D3F70200092432 /* Debug */ = {
			isa = XCBuildConfiguration;
			baseConfigurationReference = 4B70D44A594CA31B31497B30 /* Pods-offbrand-instagramTests.debug.xcconfig */;
			buildSettings = {
				BUNDLE_LOADER = "$(TEST_HOST)";
				CODE_SIGN_STYLE = Automatic;
				DEVELOPMENT_TEAM = MZ42CM9DG9;
				INFOPLIST_FILE = "offbrand-instagramTests/Info.plist";
				LD_RUNPATH_SEARCH_PATHS = (
					"$(inherited)",
					"@executable_path/Frameworks",
					"@loader_path/Frameworks",
				);
				PRODUCT_BUNDLE_IDENTIFIER = "com.rodrigolive64-gmail.com.offbrand-instagramTests";
				PRODUCT_NAME = "$(TARGET_NAME)";
				TARGETED_DEVICE_FAMILY = "1,2";
				TEST_HOST = "$(BUILT_PRODUCTS_DIR)/offbrand-instagram.app/offbrand-instagram";
			};
			name = Debug;
		};
		4AFA92A122D3F70200092432 /* Release */ = {
			isa = XCBuildConfiguration;
			baseConfigurationReference = A945F49978B3BBA530F33038 /* Pods-offbrand-instagramTests.release.xcconfig */;
			buildSettings = {
				BUNDLE_LOADER = "$(TEST_HOST)";
				CODE_SIGN_STYLE = Automatic;
				DEVELOPMENT_TEAM = MZ42CM9DG9;
				INFOPLIST_FILE = "offbrand-instagramTests/Info.plist";
				LD_RUNPATH_SEARCH_PATHS = (
					"$(inherited)",
					"@executable_path/Frameworks",
					"@loader_path/Frameworks",
				);
				PRODUCT_BUNDLE_IDENTIFIER = "com.rodrigolive64-gmail.com.offbrand-instagramTests";
				PRODUCT_NAME = "$(TARGET_NAME)";
				TARGETED_DEVICE_FAMILY = "1,2";
				TEST_HOST = "$(BUILT_PRODUCTS_DIR)/offbrand-instagram.app/offbrand-instagram";
			};
			name = Release;
		};
		4AFA92A322D3F70200092432 /* Debug */ = {
			isa = XCBuildConfiguration;
			baseConfigurationReference = D9321B983A9D853B9E1A8BAE /* Pods-offbrand-instagramUITests.debug.xcconfig */;
			buildSettings = {
				CODE_SIGN_STYLE = Automatic;
				DEVELOPMENT_TEAM = MZ42CM9DG9;
				INFOPLIST_FILE = "offbrand-instagramUITests/Info.plist";
				LD_RUNPATH_SEARCH_PATHS = (
					"$(inherited)",
					"@executable_path/Frameworks",
					"@loader_path/Frameworks",
				);
				PRODUCT_BUNDLE_IDENTIFIER = "com.rodrigolive64-gmail.com.offbrand-instagramUITests";
				PRODUCT_NAME = "$(TARGET_NAME)";
				TARGETED_DEVICE_FAMILY = "1,2";
				TEST_TARGET_NAME = "offbrand-instagram";
			};
			name = Debug;
		};
		4AFA92A422D3F70200092432 /* Release */ = {
			isa = XCBuildConfiguration;
			baseConfigurationReference = 7BCBB9617AD1B2CF690ED25A /* Pods-offbrand-instagramUITests.release.xcconfig */;
			buildSettings = {
				CODE_SIGN_STYLE = Automatic;
				DEVELOPMENT_TEAM = MZ42CM9DG9;
				INFOPLIST_FILE = "offbrand-instagramUITests/Info.plist";
				LD_RUNPATH_SEARCH_PATHS = (
					"$(inherited)",
					"@executable_path/Frameworks",
					"@loader_path/Frameworks",
				);
				PRODUCT_BUNDLE_IDENTIFIER = "com.rodrigolive64-gmail.com.offbrand-instagramUITests";
				PRODUCT_NAME = "$(TARGET_NAME)";
				TARGETED_DEVICE_FAMILY = "1,2";
				TEST_TARGET_NAME = "offbrand-instagram";
			};
			name = Release;
		};
/* End XCBuildConfiguration section */

/* Begin XCConfigurationList section */
		4AFA926B22D3F70100092432 /* Build configuration list for PBXProject "offbrand-instagram" */ = {
			isa = XCConfigurationList;
			buildConfigurations = (
				4AFA929A22D3F70200092432 /* Debug */,
				4AFA929B22D3F70200092432 /* Release */,
			);
			defaultConfigurationIsVisible = 0;
			defaultConfigurationName = Release;
		};
		4AFA929C22D3F70200092432 /* Build configuration list for PBXNativeTarget "offbrand-instagram" */ = {
			isa = XCConfigurationList;
			buildConfigurations = (
				4AFA929D22D3F70200092432 /* Debug */,
				4AFA929E22D3F70200092432 /* Release */,
			);
			defaultConfigurationIsVisible = 0;
			defaultConfigurationName = Release;
		};
		4AFA929F22D3F70200092432 /* Build configuration list for PBXNativeTarget "offbrand-instagramTests" */ = {
			isa = XCConfigurationList;
			buildConfigurations = (
				4AFA92A022D3F70200092432 /* Debug */,
				4AFA92A122D3F70200092432 /* Release */,
			);
			defaultConfigurationIsVisible = 0;
			defaultConfigurationName = Release;
		};
		4AFA92A222D3F70200092432 /* Build configuration list for PBXNativeTarget "offbrand-instagramUITests" */ = {
			isa = XCConfigurationList;
			buildConfigurations = (
				4AFA92A322D3F70200092432 /* Debug */,
				4AFA92A422D3F70200092432 /* Release */,
			);
			defaultConfigurationIsVisible = 0;
			defaultConfigurationName = Release;
		};
/* End XCConfigurationList section */
	};
	rootObject = 4AFA926822D3F70100092432 /* Project object */;
}
